
Microsoft Visual Studio Solution File, Format Version 12.00
# Visual Studio Version 17
VisualStudioVersion = 17.14.36212.18
MinimumVisualStudioVersion = 10.0.40219.1
Project("{FAE04EC0-301F-11D3-BF4B-00C04F79EFBC}") = "Booking.Domain", "Booking.Domain\Booking.Domain.csproj", "{5B69AE2D-0785-489E-BD5C-48A74C28038A}"
EndProject
Project("{FAE04EC0-301F-11D3-BF4B-00C04F79EFBC}") = "Booking.Application", "Booking.Application\Booking.Application.csproj", "{789E1076-3156-478E-8B80-9FB61B3B429C}"
EndProject
Project("{FAE04EC0-301F-11D3-BF4B-00C04F79EFBC}") = "Booking.Infrastructure", "Booking.Infrastructure\Booking.Infrastructure.csproj", "{70B1AB33-9AFE-47FC-A933-44352AD105ED}"
EndProject
Project("{FAE04EC0-301F-11D3-BF4B-00C04F79EFBC}") = "Booking.Web", "Booking.Web\Booking.Web.csproj", "{460B1762-AF2B-4B50-99EF-52EC32302BA7}"
EndProject
Project("{FAE04EC0-301F-11D3-BF4B-00C04F79EFBC}") = "Booking.Tests", "Booking.Tests\Booking.Tests.csproj", "{5645D87C-EE40-82F2-5E6F-85FA584B6A13}"
EndProject
Global
	GlobalSection(SolutionConfigurationPlatforms) = preSolution
		Debug|Any CPU = Debug|Any CPU
		Release|Any CPU = Release|Any CPU
	EndGlobalSection
	GlobalSection(ProjectConfigurationPlatforms) = postSolution
		{5B69AE2D-0785-489E-BD5C-48A74C28038A}.Debug|Any CPU.ActiveCfg = Debug|Any CPU
		{5B69AE2D-0785-489E-BD5C-48A74C28038A}.Debug|Any CPU.Build.0 = Debug|Any CPU
		{5B69AE2D-0785-489E-BD5C-48A74C28038A}.Release|Any CPU.ActiveCfg = Release|Any CPU
		{5B69AE2D-0785-489E-BD5C-48A74C28038A}.Release|Any CPU.Build.0 = Release|Any CPU
		{789E1076-3156-478E-8B80-9FB61B3B429C}.Debug|Any CPU.ActiveCfg = Debug|Any CPU
		{789E1076-3156-478E-8B80-9FB61B3B429C}.Debug|Any CPU.Build.0 = Debug|Any CPU
		{789E1076-3156-478E-8B80-9FB61B3B429C}.Release|Any CPU.ActiveCfg = Release|Any CPU
		{789E1076-3156-478E-8B80-9FB61B3B429C}.Release|Any CPU.Build.0 = Release|Any CPU
		{70B1AB33-9AFE-47FC-A933-44352AD105ED}.Debug|Any CPU.ActiveCfg = Debug|Any CPU
		{70B1AB33-9AFE-47FC-A933-44352AD105ED}.Debug|Any CPU.Build.0 = Debug|Any CPU
		{70B1AB33-9AFE-47FC-A933-44352AD105ED}.Release|Any CPU.ActiveCfg = Release|Any CPU
		{70B1AB33-9AFE-47FC-A933-44352AD105ED}.Release|Any CPU.Build.0 = Release|Any CPU
		{460B1762-AF2B-4B50-99EF-52EC32302BA7}.Debug|Any CPU.ActiveCfg = Debug|Any CPU
		{460B1762-AF2B-4B50-99EF-52EC32302BA7}.Debug|Any CPU.Build.0 = Debug|Any CPU
		{460B1762-AF2B-4B50-99EF-52EC32302BA7}.Release|Any CPU.ActiveCfg = Release|Any CPU
		{460B1762-AF2B-4B50-99EF-52EC32302BA7}.Release|Any CPU.Build.0 = Release|Any CPU
		{5645D87C-EE40-82F2-5E6F-85FA584B6A13}.Debug|Any CPU.ActiveCfg = Debug|Any CPU
		{5645D87C-EE40-82F2-5E6F-85FA584B6A13}.Debug|Any CPU.Build.0 = Debug|Any CPU
		{5645D87C-EE40-82F2-5E6F-85FA584B6A13}.Release|Any CPU.ActiveCfg = Release|Any CPU
		{5645D87C-EE40-82F2-5E6F-85FA584B6A13}.Release|Any CPU.Build.0 = Release|Any CPU
	EndGlobalSection
	GlobalSection(SolutionProperties) = preSolution
		HideSolutionNode = FALSE
	EndGlobalSection
	GlobalSection(ExtensibilityGlobals) = postSolution
		SolutionGuid = {4D3D8E82-49CF-4D56-A70B-2B7E0977A3F0}
	EndGlobalSection
EndGlobal
